
Microsoft Visual Studio Solution File, Format Version 12.00
# Visual Studio Version 17
VisualStudioVersion = 17.5.33530.505
MinimumVisualStudioVersion = 10.0.40219.1
Project("{FAE04EC0-301F-11D3-BF4B-00C04F79EFBC}") = "PrjAula01", "PrjAula01\PrjAula01.csproj", "{E5BF121C-1D42-45F8-AA27-1947275A4FEF}"
EndProject
Global
	GlobalSection(SolutionConfigurationPlatforms) = preSolution
		Debug|Any CPU = Debug|Any CPU
		Release|Any CPU = Release|Any CPU
	EndGlobalSection
	GlobalSection(ProjectConfigurationPlatforms) = postSolution
		{E5BF121C-1D42-45F8-AA27-1947275A4FEF}.Debug|Any CPU.ActiveCfg = Debug|Any CPU
		{E5BF121C-1D42-45F8-AA27-1947275A4FEF}.Debug|Any CPU.Build.0 = Debug|Any CPU
		{E5BF121C-1D42-45F8-AA27-1947275A4FEF}.Release|Any CPU.ActiveCfg = Release|Any CPU
		{E5BF121C-1D42-45F8-AA27-1947275A4FEF}.Release|Any CPU.Build.0 = Release|Any CPU
	EndGlobalSection
	GlobalSection(SolutionProperties) = preSolution
		HideSolutionNode = FALSE
	EndGlobalSection
	GlobalSection(ExtensibilityGlobals) = postSolution
		SolutionGuid = {8F048DAF-DEDD-4618-9F93-027A7B27C14A}
	EndGlobalSection
EndGlobal
